# This file is automatically @generated by Poetry 2.0.1 and should not be changed by hand.

[[package]]
name = "certifi"
version = "2024.12.14"
description = "Python package for providing Mozilla's CA Bundle."
optional = false
python-versions = ">=3.6"
groups = ["main"]
files = [
    {file = "certifi-2024.12.14-py3-none-any.whl", hash = "sha256:1275f7a45be9464efc1173084eaa30f866fe2e47d389406136d332ed4967ec56"},
    {file = "certifi-2024.12.14.tar.gz", hash = "sha256:b650d30f370c2b724812bee08008be0c4163b163ddaec3f2546c1caf65f191db"},
]

[[package]]
name = "click"
version = "8.1.8"
description = "Composable command line interface toolkit"
optional = false
python-versions = ">=3.7"
groups = ["dev"]
files = [
    {file = "click-8.1.8-py3-none-any.whl", hash = "sha256:63c132bbbed01578a06712a2d1f497bb62d9c1c0d329b7903a866228027263b2"},
    {file = "click-8.1.8.tar.gz", hash = "sha256:ed53c9d8990d83c2a27deae68e4ee337473f6330c040a31d4225c9574d16096a"},
]

[package.dependencies]
colorama = {version = "*", markers = "platform_system == \"Windows\""}

[[package]]
name = "colorama"
version = "0.4.6"
description = "Cross-platform colored terminal text."
optional = false
python-versions = "!=3.0.*,!=3.1.*,!=3.2.*,!=3.3.*,!=3.4.*,!=3.5.*,!=3.6.*,>=2.7"
groups = ["dev"]
markers = "sys_platform == \"win32\" or platform_system == \"Windows\""
files = [
    {file = "colorama-0.4.6-py2.py3-none-any.whl", hash = "sha256:4f1d9991f5acc0ca119f9d443620b77f9d6b33703e51011c16baf57afb285fc6"},
    {file = "colorama-0.4.6.tar.gz", hash = "sha256:08695f5cb7ed6e0531a20572697297273c47b8cae5a63ffc6d6ed5c201be6e44"},
]

[[package]]
name = "exceptiongroup"
version = "1.2.2"
description = "Backport of PEP 654 (exception groups)"
optional = false
python-versions = ">=3.7"
groups = ["dev"]
markers = "python_version < \"3.11\""
files = [
    {file = "exceptiongroup-1.2.2-py3-none-any.whl", hash = "sha256:3111b9d131c238bec2f8f516e123e14ba243563fb135d3fe885990585aa7795b"},
    {file = "exceptiongroup-1.2.2.tar.gz", hash = "sha256:47c2edf7c6738fafb49fd34290706d1a1a2f4d1c6df275526b62cbb4aa5393cc"},
]

[package.extras]
test = ["pytest (>=6)"]

[[package]]
name = "iniconfig"
version = "2.0.0"
description = "brain-dead simple config-ini parsing"
optional = false
python-versions = ">=3.7"
groups = ["dev"]
files = [
    {file = "iniconfig-2.0.0-py3-none-any.whl", hash = "sha256:b6a85871a79d2e3b22d2d1b94ac2824226a63c6b741c88f7ae975f18b6778374"},
    {file = "iniconfig-2.0.0.tar.gz", hash = "sha256:2d91e135bf72d31a410b17c16da610a82cb55f6b0477d1a902134b24a455b8b3"},
]

[[package]]
name = "jplephem"
version = "2.22"
description = "Use a JPL ephemeris to predict planet positions."
optional = false
python-versions = "*"
groups = ["main"]
files = [
    {file = "jplephem-2.22-py3-none-any.whl", hash = "sha256:efe4b3590f3eef1a5dfcf7078e8e93803f8ce3276c3306e93bfd20b3536b2c60"},
    {file = "jplephem-2.22.tar.gz", hash = "sha256:0d9acc7217b4806feba93e72974ceead5611104bce6789af38d4f27dcf7a592c"},
]

[package.dependencies]
numpy = "*"

[[package]]
name = "numpy"
version = "2.2.2"
description = "Fundamental package for array computing in Python"
optional = false
python-versions = ">=3.10"
groups = ["main"]
files = [
    {file = "numpy-2.2.2-cp310-cp310-macosx_10_9_x86_64.whl", hash = "sha256:7079129b64cb78bdc8d611d1fd7e8002c0a2565da6a47c4df8062349fee90e3e"},
    {file = "numpy-2.2.2-cp310-cp310-macosx_11_0_arm64.whl", hash = "sha256:2ec6c689c61df613b783aeb21f945c4cbe6c51c28cb70aae8430577ab39f163e"},
    {file = "numpy-2.2.2-cp310-cp310-macosx_14_0_arm64.whl", hash = "sha256:40c7ff5da22cd391944a28c6a9c638a5eef77fcf71d6e3a79e1d9d9e82752715"},
    {file = "numpy-2.2.2-cp310-cp310-macosx_14_0_x86_64.whl", hash = "sha256:995f9e8181723852ca458e22de5d9b7d3ba4da3f11cc1cb113f093b271d7965a"},
    {file = "numpy-2.2.2-cp310-cp310-manylinux_2_17_aarch64.manylinux2014_aarch64.whl", hash = "sha256:b78ea78450fd96a498f50ee096f69c75379af5138f7881a51355ab0e11286c97"},
    {file = "numpy-2.2.2-cp310-cp310-manylinux_2_17_x86_64.manylinux2014_x86_64.whl", hash = "sha256:3fbe72d347fbc59f94124125e73fc4976a06927ebc503ec5afbfb35f193cd957"},
    {file = "numpy-2.2.2-cp310-cp310-musllinux_1_2_aarch64.whl", hash = "sha256:8e6da5cffbbe571f93588f562ed130ea63ee206d12851b60819512dd3e1ba50d"},
    {file = "numpy-2.2.2-cp310-cp310-musllinux_1_2_x86_64.whl", hash = "sha256:09d6a2032faf25e8d0cadde7fd6145118ac55d2740132c1d845f98721b5ebcfd"},
    {file = "numpy-2.2.2-cp310-cp310-win32.whl", hash = "sha256:159ff6ee4c4a36a23fe01b7c3d07bd8c14cc433d9720f977fcd52c13c0098160"},
    {file = "numpy-2.2.2-cp310-cp310-win_amd64.whl", hash = "sha256:64bd6e1762cd7f0986a740fee4dff927b9ec2c5e4d9a28d056eb17d332158014"},
    {file = "numpy-2.2.2-cp311-cp311-macosx_10_9_x86_64.whl", hash = "sha256:642199e98af1bd2b6aeb8ecf726972d238c9877b0f6e8221ee5ab945ec8a2189"},
    {file = "numpy-2.2.2-cp311-cp311-macosx_11_0_arm64.whl", hash = "sha256:6d9fc9d812c81e6168b6d405bf00b8d6739a7f72ef22a9214c4241e0dc70b323"},
    {file = "numpy-2.2.2-cp311-cp311-macosx_14_0_arm64.whl", hash = "sha256:c7d1fd447e33ee20c1f33f2c8e6634211124a9aabde3c617687d8b739aa69eac"},
    {file = "numpy-2.2.2-cp311-cp311-macosx_14_0_x86_64.whl", hash = "sha256:451e854cfae0febe723077bd0cf0a4302a5d84ff25f0bfece8f29206c7bed02e"},
    {file = "numpy-2.2.2-cp311-cp311-manylinux_2_17_aarch64.manylinux2014_aarch64.whl", hash = "sha256:bd249bc894af67cbd8bad2c22e7cbcd46cf87ddfca1f1289d1e7e54868cc785c"},
    {file = "numpy-2.2.2-cp311-cp311-manylinux_2_17_x86_64.manylinux2014_x86_64.whl", hash = "sha256:02935e2c3c0c6cbe9c7955a8efa8908dd4221d7755644c59d1bba28b94fd334f"},
    {file = "numpy-2.2.2-cp311-cp311-musllinux_1_2_aarch64.whl", hash = "sha256:a972cec723e0563aa0823ee2ab1df0cb196ed0778f173b381c871a03719d4826"},
    {file = "numpy-2.2.2-cp311-cp311-musllinux_1_2_x86_64.whl", hash = "sha256:d6d6a0910c3b4368d89dde073e630882cdb266755565155bc33520283b2d9df8"},
    {file = "numpy-2.2.2-cp311-cp311-win32.whl", hash = "sha256:860fd59990c37c3ef913c3ae390b3929d005243acca1a86facb0773e2d8d9e50"},
    {file = "numpy-2.2.2-cp311-cp311-win_amd64.whl", hash = "sha256:da1eeb460ecce8d5b8608826595c777728cdf28ce7b5a5a8c8ac8d949beadcf2"},
    {file = "numpy-2.2.2-cp312-cp312-macosx_10_13_x86_64.whl", hash = "sha256:ac9bea18d6d58a995fac1b2cb4488e17eceeac413af014b1dd26170b766d8467"},
    {file = "numpy-2.2.2-cp312-cp312-macosx_11_0_arm64.whl", hash = "sha256:23ae9f0c2d889b7b2d88a3791f6c09e2ef827c2446f1c4a3e3e76328ee4afd9a"},
    {file = "numpy-2.2.2-cp312-cp312-macosx_14_0_arm64.whl", hash = "sha256:3074634ea4d6df66be04f6728ee1d173cfded75d002c75fac79503a880bf3825"},
    {file = "numpy-2.2.2-cp312-cp312-macosx_14_0_x86_64.whl", hash = "sha256:8ec0636d3f7d68520afc6ac2dc4b8341ddb725039de042faf0e311599f54eb37"},
    {file = "numpy-2.2.2-cp312-cp312-manylinux_2_17_aarch64.manylinux2014_aarch64.whl", hash = "sha256:2ffbb1acd69fdf8e89dd60ef6182ca90a743620957afb7066385a7bbe88dc748"},
    {file = "numpy-2.2.2-cp312-cp312-manylinux_2_17_x86_64.manylinux2014_x86_64.whl", hash = "sha256:0349b025e15ea9d05c3d63f9657707a4e1d471128a3b1d876c095f328f8ff7f0"},
    {file = "numpy-2.2.2-cp312-cp312-musllinux_1_2_aarch64.whl", hash = "sha256:463247edcee4a5537841d5350bc87fe8e92d7dd0e8c71c995d2c6eecb8208278"},
    {file = "numpy-2.2.2-cp312-cp312-musllinux_1_2_x86_64.whl", hash = "sha256:9dd47ff0cb2a656ad69c38da850df3454da88ee9a6fde0ba79acceee0e79daba"},
    {file = "numpy-2.2.2-cp312-cp312-win32.whl", hash = "sha256:4525b88c11906d5ab1b0ec1f290996c0020dd318af8b49acaa46f198b1ffc283"},
    {file = "numpy-2.2.2-cp312-cp312-win_amd64.whl", hash = "sha256:5acea83b801e98541619af398cc0109ff48016955cc0818f478ee9ef1c5c3dcb"},
    {file = "numpy-2.2.2-cp313-cp313-macosx_10_13_x86_64.whl", hash = "sha256:b208cfd4f5fe34e1535c08983a1a6803fdbc7a1e86cf13dd0c61de0b51a0aadc"},
    {file = "numpy-2.2.2-cp313-cp313-macosx_11_0_arm64.whl", hash = "sha256:d0bbe7dd86dca64854f4b6ce2ea5c60b51e36dfd597300057cf473d3615f2369"},
    {file = "numpy-2.2.2-cp313-cp313-macosx_14_0_arm64.whl", hash = "sha256:22ea3bb552ade325530e72a0c557cdf2dea8914d3a5e1fecf58fa5dbcc6f43cd"},
    {file = "numpy-2.2.2-cp313-cp313-macosx_14_0_x86_64.whl", hash = "sha256:128c41c085cab8a85dc29e66ed88c05613dccf6bc28b3866cd16050a2f5448be"},
    {file = "numpy-2.2.2-cp313-cp313-manylinux_2_17_aarch64.manylinux2014_aarch64.whl", hash = "sha256:250c16b277e3b809ac20d1f590716597481061b514223c7badb7a0f9993c7f84"},
    {file = "numpy-2.2.2-cp313-cp313-manylinux_2_17_x86_64.manylinux2014_x86_64.whl", hash = "sha256:e0c8854b09bc4de7b041148d8550d3bd712b5c21ff6a8ed308085f190235d7ff"},
    {file = "numpy-2.2.2-cp313-cp313-musllinux_1_2_aarch64.whl", hash = "sha256:b6fb9c32a91ec32a689ec6410def76443e3c750e7cfc3fb2206b985ffb2b85f0"},
    {file = "numpy-2.2.2-cp313-cp313-musllinux_1_2_x86_64.whl", hash = "sha256:57b4012e04cc12b78590a334907e01b3a85efb2107df2b8733ff1ed05fce71de"},
    {file = "numpy-2.2.2-cp313-cp313-win32.whl", hash = "sha256:4dbd80e453bd34bd003b16bd802fac70ad76bd463f81f0c518d1245b1c55e3d9"},
    {file = "numpy-2.2.2-cp313-cp313-win_amd64.whl", hash = "sha256:5a8c863ceacae696aff37d1fd636121f1a512117652e5dfb86031c8d84836369"},
    {file = "numpy-2.2.2-cp313-cp313t-macosx_10_13_x86_64.whl", hash = "sha256:b3482cb7b3325faa5f6bc179649406058253d91ceda359c104dac0ad320e1391"},
    {file = "numpy-2.2.2-cp313-cp313t-macosx_11_0_arm64.whl", hash = "sha256:9491100aba630910489c1d0158034e1c9a6546f0b1340f716d522dc103788e39"},
    {file = "numpy-2.2.2-cp313-cp313t-macosx_14_0_arm64.whl", hash = "sha256:41184c416143defa34cc8eb9d070b0a5ba4f13a0fa96a709e20584638254b317"},
    {file = "numpy-2.2.2-cp313-cp313t-macosx_14_0_x86_64.whl", hash = "sha256:7dca87ca328f5ea7dafc907c5ec100d187911f94825f8700caac0b3f4c384b49"},
    {file = "numpy-2.2.2-cp313-cp313t-manylinux_2_17_aarch64.manylinux2014_aarch64.whl", hash = "sha256:0bc61b307655d1a7f9f4b043628b9f2b721e80839914ede634e3d485913e1fb2"},
    {file = "numpy-2.2.2-cp313-cp313t-manylinux_2_17_x86_64.manylinux2014_x86_64.whl", hash = "sha256:9fad446ad0bc886855ddf5909cbf8cb5d0faa637aaa6277fb4b19ade134ab3c7"},
    {file = "numpy-2.2.2-cp313-cp313t-musllinux_1_2_aarch64.whl", hash = "sha256:149d1113ac15005652e8d0d3f6fd599360e1a708a4f98e43c9c77834a28238cb"},
    {file = "numpy-2.2.2-cp313-cp313t-musllinux_1_2_x86_64.whl", hash = "sha256:106397dbbb1896f99e044efc90360d098b3335060375c26aa89c0d8a97c5f648"},
    {file = "numpy-2.2.2-cp313-cp313t-win32.whl", hash = "sha256:0eec19f8af947a61e968d5429f0bd92fec46d92b0008d0a6685b40d6adf8a4f4"},
    {file = "numpy-2.2.2-cp313-cp313t-win_amd64.whl", hash = "sha256:97b974d3ba0fb4612b77ed35d7627490e8e3dff56ab41454d9e8b23448940576"},
    {file = "numpy-2.2.2-pp310-pypy310_pp73-macosx_10_15_x86_64.whl", hash = "sha256:b0531f0b0e07643eb089df4c509d30d72c9ef40defa53e41363eca8a8cc61495"},
    {file = "numpy-2.2.2-pp310-pypy310_pp73-macosx_14_0_x86_64.whl", hash = "sha256:e9e82dcb3f2ebbc8cb5ce1102d5f1c5ed236bf8a11730fb45ba82e2841ec21df"},
    {file = "numpy-2.2.2-pp310-pypy310_pp73-manylinux_2_17_x86_64.manylinux2014_x86_64.whl", hash = "sha256:e0d4142eb40ca6f94539e4db929410f2a46052a0fe7a2c1c59f6179c39938d2a"},
    {file = "numpy-2.2.2-pp310-pypy310_pp73-win_amd64.whl", hash = "sha256:356ca982c188acbfa6af0d694284d8cf20e95b1c3d0aefa8929376fea9146f60"},
    {file = "numpy-2.2.2.tar.gz", hash = "sha256:ed6906f61834d687738d25988ae117683705636936cc605be0bb208b23df4d8f"},
]

[[package]]
name = "packaging"
version = "24.2"
description = "Core utilities for Python packages"
optional = false
python-versions = ">=3.8"
groups = ["main", "dev"]
files = [
    {file = "packaging-24.2-py3-none-any.whl", hash = "sha256:09abb1bccd265c01f4a3aa3f7a7db064b36514d2cba19a2f694fe6150451a759"},
    {file = "packaging-24.2.tar.gz", hash = "sha256:c228a6dc5e932d346bc5739379109d49e8853dd8223571c7c5b55260edc0b97f"},
]

[[package]]
name = "pluggy"
version = "1.5.0"
description = "plugin and hook calling mechanisms for python"
optional = false
python-versions = ">=3.8"
groups = ["dev"]
files = [
    {file = "pluggy-1.5.0-py3-none-any.whl", hash = "sha256:44e1ad92c8ca002de6377e165f3e0f1be63266ab4d554740532335b9d75ea669"},
    {file = "pluggy-1.5.0.tar.gz", hash = "sha256:2cffa88e94fdc978c4c574f15f9e59b7f4201d439195c3715ca9e2486f1d0cf1"},
]

[package.extras]
dev = ["pre-commit", "tox"]
testing = ["pytest", "pytest-benchmark"]

[[package]]
name = "py-hot-reload"
version = "1.0.6"
description = "Python Hot Reload starts the given program and reloads it whenever any file changes in the current directory or imported modules."
optional = false
python-versions = ">=3.6"
groups = ["dev"]
files = [
    {file = "py-hot-reload-1.0.6.tar.gz", hash = "sha256:09ef5ac863d0b2b776346527b3507751cdde4980dfda6504f7fcd451bab96905"},
    {file = "py_hot_reload-1.0.6-py3-none-any.whl", hash = "sha256:d9a77538033e31ec3e633a1e3af0d4da4897916cf229b213e748d36f6cf3dfe0"},
]

[package.dependencies]
click = ">=8.1.3"
watchdog = ">=3.0.0"

[[package]]
name = "pyside6"
version = "6.8.1"
description = "Python bindings for the Qt cross-platform application and UI framework"
optional = false
python-versions = "<3.14,>=3.9"
groups = ["main"]
files = [
    {file = "PySide6-6.8.1-cp39-abi3-macosx_12_0_universal2.whl", hash = "sha256:6d1fd95651cdbdea741af21e155350986eca31ff015fc4c721ce01c2a110a4cc"},
    {file = "PySide6-6.8.1-cp39-abi3-manylinux_2_28_x86_64.whl", hash = "sha256:7d6adc5d53313249bbe02edb673877c1d437e215d71e88da78412520653f5c9f"},
    {file = "PySide6-6.8.1-cp39-abi3-manylinux_2_39_aarch64.whl", hash = "sha256:ddeeaeca8ebd0ddb1ded30dd33e9240a40f330cc91832de346ba6c9d0cd1253e"},
    {file = "PySide6-6.8.1-cp39-abi3-win_amd64.whl", hash = "sha256:866eeaca3ffead6b9d30fa3ed395d5624da0246d7586c8b8207e77ac65d82458"},
]

[package.dependencies]
PySide6-Addons = "6.8.1"
PySide6-Essentials = "6.8.1"
shiboken6 = "6.8.1"

[[package]]
name = "pyside6-addons"
version = "6.8.1"
description = "Python bindings for the Qt cross-platform application and UI framework (Addons)"
optional = false
python-versions = "<3.14,>=3.9"
groups = ["main"]
files = [
    {file = "PySide6_Addons-6.8.1-cp39-abi3-macosx_12_0_universal2.whl", hash = "sha256:879c12346b4b76f5d5ee6499d8ca53b5666c0c998b8fdf8780f08f69ea95d6f9"},
    {file = "PySide6_Addons-6.8.1-cp39-abi3-manylinux_2_28_x86_64.whl", hash = "sha256:f80cc03c1ac54132c6f800aa461dced64acd7d1646898db164ccb56fe3c23dd4"},
    {file = "PySide6_Addons-6.8.1-cp39-abi3-manylinux_2_39_aarch64.whl", hash = "sha256:570a25016d80046274f454ed0bb06734f478ce6c21be5dec62b624773fc7504e"},
    {file = "PySide6_Addons-6.8.1-cp39-abi3-win_amd64.whl", hash = "sha256:d7c8c1e89ee0db84631d5b8fdb9129d9d2a0ffb3b4cb2f5192dc8367dd980db4"},
]

[package.dependencies]
PySide6-Essentials = "6.8.1"
shiboken6 = "6.8.1"

[[package]]
name = "pyside6-essentials"
version = "6.8.1"
description = "Python bindings for the Qt cross-platform application and UI framework (Essentials)"
optional = false
python-versions = "<3.14,>=3.9"
groups = ["main"]
files = [
    {file = "PySide6_Essentials-6.8.1-cp39-abi3-macosx_12_0_universal2.whl", hash = "sha256:bd05155245e3cd1572e68d72772e78fadfd713575bbfdd2c5e060d5278e390e9"},
    {file = "PySide6_Essentials-6.8.1-cp39-abi3-manylinux_2_28_x86_64.whl", hash = "sha256:2f600b149e65b57acd6a444edb17615adc42cc2491548ae443ccb574036d86b1"},
    {file = "PySide6_Essentials-6.8.1-cp39-abi3-manylinux_2_39_aarch64.whl", hash = "sha256:bf8a3c9ee0b997eb18fb00cb09aacaa28b8a51ce3c295a252cc594c5530aba56"},
    {file = "PySide6_Essentials-6.8.1-cp39-abi3-win_amd64.whl", hash = "sha256:d5ed4ddb149f36d65bc49ae4260b2d213ee88b2d9a309012ae27f38158c2d1b6"},
]

[package.dependencies]
shiboken6 = "6.8.1"

[[package]]
name = "pytest"
version = "8.3.4"
description = "pytest: simple powerful testing with Python"
optional = false
python-versions = ">=3.8"
groups = ["dev"]
files = [
    {file = "pytest-8.3.4-py3-none-any.whl", hash = "sha256:50e16d954148559c9a74109af1eaf0c945ba2d8f30f0a3d3335edde19788b6f6"},
    {file = "pytest-8.3.4.tar.gz", hash = "sha256:965370d062bce11e73868e0335abac31b4d3de0e82f4007408d242b4f8610761"},
]

[package.dependencies]
colorama = {version = "*", markers = "sys_platform == \"win32\""}
exceptiongroup = {version = ">=1.0.0rc8", markers = "python_version < \"3.11\""}
iniconfig = "*"
packaging = "*"
pluggy = ">=1.5,<2"
tomli = {version = ">=1", markers = "python_version < \"3.11\""}

[package.extras]
dev = ["argcomplete", "attrs (>=19.2)", "hypothesis (>=3.56)", "mock", "pygments (>=2.7.2)", "requests", "setuptools", "xmlschema"]

[[package]]
name = "python-i18n"
version = "0.3.9"
description = "Translation library for Python"
optional = false
python-versions = "*"
groups = ["main"]
files = [
    {file = "python-i18n-0.3.9.tar.gz", hash = "sha256:df97f3d2364bf3a7ebfbd6cbefe8e45483468e52a9e30b909c6078f5f471e4e8"},
    {file = "python_i18n-0.3.9-py3-none-any.whl", hash = "sha256:bda5b8d889ebd51973e22e53746417bd32783c9bd6780fd27cadbb733915651d"},
]

[package.extras]
yaml = ["pyyaml (>=3.10)"]

[[package]]
name = "pytz"
version = "2024.2"
description = "World timezone definitions, modern and historical"
optional = false
python-versions = "*"
groups = ["main"]
files = [
    {file = "pytz-2024.2-py2.py3-none-any.whl", hash = "sha256:31c7c1817eb7fae7ca4b8c7ee50c72f93aa2dd863de768e1ef4245d426aa0725"},
    {file = "pytz-2024.2.tar.gz", hash = "sha256:2aa355083c50a0f93fa581709deac0c9ad65cca8a9e9beac660adcbd493c798a"},
]

[[package]]
name = "qdarkstyle"
version = "3.2.3"
description = "The most complete dark/light style sheet for C++/Python and Qt applications"
optional = false
python-versions = "*"
groups = ["main"]
files = [
    {file = "QDarkStyle-3.2.3-py2.py3-none-any.whl", hash = "sha256:ea980ee426d594909cf1058306832af71ff6cbad6f69237b036d1550635aefbc"},
    {file = "QDarkStyle-3.2.3.tar.gz", hash = "sha256:0c0b7f74a6e92121008992b369bab60468157db1c02cd30d64a5e9a3b402f1ae"},
]

[package.dependencies]
qtpy = ">=2"

[package.extras]
develop = ["qtsass", "watchdog"]
docs = ["sphinx", "sphinx-rtd-theme"]
example = ["pyqt5", "pyside2"]

[[package]]
name = "qtpy"
version = "2.4.3"
description = "Provides an abstraction layer on top of the various Qt bindings (PyQt5/6 and PySide2/6)."
optional = false
python-versions = ">=3.7"
groups = ["main"]
files = [
    {file = "QtPy-2.4.3-py3-none-any.whl", hash = "sha256:72095afe13673e017946cc258b8d5da43314197b741ed2890e563cf384b51aa1"},
    {file = "qtpy-2.4.3.tar.gz", hash = "sha256:db744f7832e6d3da90568ba6ccbca3ee2b3b4a890c3d6fbbc63142f6e4cdf5bb"},
]

[package.dependencies]
packaging = "*"

[package.extras]
test = ["pytest (>=6,!=7.0.0,!=7.0.1)", "pytest-cov (>=3.0.0)", "pytest-qt"]

[[package]]
name = "sgp4"
version = "2.23"
description = "Track Earth satellites given TLE data, using up-to-date 2020 SGP4 routines."
optional = false
python-versions = "*"
groups = ["main"]
files = [
    {file = "sgp4-2.23-cp310-cp310-macosx_10_9_universal2.whl", hash = "sha256:ebf585c09bebf7f7b9c89cff42e0f097654c4c5e092181fbbbee29c338dc11ed"},
    {file = "sgp4-2.23-cp310-cp310-macosx_10_9_x86_64.whl", hash = "sha256:9c71fec3278274a0edd5bb93ba83b22db5407040d95d62166e81fbd97633d756"},
    {file = "sgp4-2.23-cp310-cp310-macosx_11_0_arm64.whl", hash = "sha256:f07f11fc70fa76ad7f538bcff4ee960faab270279cbb2d1149b15cbb37696e86"},
    {file = "sgp4-2.23-cp310-cp310-manylinux_2_17_aarch64.manylinux2014_aarch64.whl", hash = "sha256:d9a777e4173194965ec9466b307c3a929770d058be303ead8179c251fc37ed2e"},
    {file = "sgp4-2.23-cp310-cp310-manylinux_2_5_x86_64.manylinux1_x86_64.manylinux_2_17_x86_64.manylinux2014_x86_64.whl", hash = "sha256:3884d50cba79f4dbeda16b4eb1d768bd3400b7a2c137a8c88eca056738bab94d"},
    {file = "sgp4-2.23-cp310-cp310-win32.whl", hash = "sha256:ce19d23a4276bab2bbba03ce5bbcc308c5472be69219d877f83d4b12c07f5ea1"},
    {file = "sgp4-2.23-cp310-cp310-win_amd64.whl", hash = "sha256:2d6b56adb8771f3092ff5d59697d19f6f3bf2510fcca03795eedae41a42624b2"},
    {file = "sgp4-2.23-cp311-cp311-macosx_10_9_universal2.whl", hash = "sha256:90dbea63ea1f288ce90448b3d7a1e9728292f1b9c9fa61839053e9277d98e96f"},
    {file = "sgp4-2.23-cp311-cp311-macosx_10_9_x86_64.whl", hash = "sha256:e7b043fb0f628a3759ef649ee12b6e76ee65a0ec86b94dc41dfc90129fcbc81e"},
    {file = "sgp4-2.23-cp311-cp311-macosx_11_0_arm64.whl", hash = "sha256:7d55529102283821054ece00f95dd2b82843d1c72c80e39026c78e2f400ac9b9"},
    {file = "sgp4-2.23-cp311-cp311-manylinux_2_17_aarch64.manylinux2014_aarch64.whl", hash = "sha256:4d9f4f39be2b85a4772a184cd4d160f9ed345116afcda79a0a1852ccfa12b030"},
    {file = "sgp4-2.23-cp311-cp311-manylinux_2_5_x86_64.manylinux1_x86_64.manylinux_2_17_x86_64.manylinux2014_x86_64.whl", hash = "sha256:72868cd01169f45562954cdaaa9f1a2f738cac3c9ba3fdbd12b07a5f99bcb9d1"},
    {file = "sgp4-2.23-cp311-cp311-win32.whl", hash = "sha256:137adf0e0fbe4d9a514284bb809590c5a2c52dc506b977ec7896165df8bc2a5e"},
    {file = "sgp4-2.23-cp311-cp311-win_amd64.whl", hash = "sha256:34efb27f9f281c76b5650c9a39a0b8f43d383d5575a4f7b3d4d597c9b7ff3d75"},
    {file = "sgp4-2.23-cp312-cp312-macosx_10_9_universal2.whl", hash = "sha256:c45fa362763b5ae955a52bfdf05fee8d98351d1fa9db8fd1809b4f380cd9b0c6"},
    {file = "sgp4-2.23-cp312-cp312-macosx_10_9_x86_64.whl", hash = "sha256:3765d0efae2c537228311591691a8fd7d44686d5322810be15eb7f204688f336"},
    {file = "sgp4-2.23-cp312-cp312-macosx_11_0_arm64.whl", hash = "sha256:b80dd3c3ee73a1bc24c0f63316889b3eff32e623ca67a91774c9c92ac663e98c"},
    {file = "sgp4-2.23-cp312-cp312-manylinux_2_17_aarch64.manylinux2014_aarch64.whl", hash = "sha256:b1ec001c6b5bd9a330ffa40d29ebf85f1cc2bfa558ba8f330efcb1aa50a8b733"},
    {file = "sgp4-2.23-cp312-cp312-manylinux_2_5_x86_64.manylinux1_x86_64.manylinux_2_17_x86_64.manylinux2014_x86_64.whl", hash = "sha256:7424adc1d5f8cf93bf6ddeb079a9122af25c8a6b9234e7ed71d1868e128afe4a"},
    {file = "sgp4-2.23-cp312-cp312-win32.whl", hash = "sha256:4d954aa01a9f8c68a7b20e91ea6b5e0a195bb42b25e63698ea770d12c01927ea"},
    {file = "sgp4-2.23-cp312-cp312-win_amd64.whl", hash = "sha256:cc08bc23327f7b3cd052e79b026f02a1da885a273f10fa2a78734e5fa5ccfddd"},
    {file = "sgp4-2.23-cp37-cp37m-macosx_10_9_x86_64.whl", hash = "sha256:0312155fe5ec1f224510508c2298ee810821e66cd075686b041d921fba2f5b3b"},
    {file = "sgp4-2.23-cp37-cp37m-manylinux_2_17_aarch64.manylinux2014_aarch64.whl", hash = "sha256:ec6922c6086e3a6dec71a2df0e9c884ffa3edb7276daff36c6c8aa1e4fe711de"},
    {file = "sgp4-2.23-cp37-cp37m-manylinux_2_5_i686.manylinux1_i686.manylinux_2_17_i686.manylinux2014_i686.whl", hash = "sha256:77db876e61e5740ad10deb368041411ec1be8d885b0890f37cd81fb12d294dd4"},
    {file = "sgp4-2.23-cp37-cp37m-manylinux_2_5_x86_64.manylinux1_x86_64.manylinux_2_17_x86_64.manylinux2014_x86_64.whl", hash = "sha256:2e7b9c513efbdf2e27d88e2cd72599f5c2a930e6e8b2dd18ec7a1b62ad57ed58"},
    {file = "sgp4-2.23-cp37-cp37m-win32.whl", hash = "sha256:f612f8f33ba22425bf9975170586ad1b61648abe113f5b82e35a07a426597107"},
    {file = "sgp4-2.23-cp37-cp37m-win_amd64.whl", hash = "sha256:4f49aae8dff21747c5605d924f92149a4613b981ae13b31499390526cbcd2dba"},
    {file = "sgp4-2.23-cp38-cp38-macosx_10_9_universal2.whl", hash = "sha256:081aa74d55ee2d5c8c6a89e24915af069499ec66fe3ef01b58c4a93a741c4f47"},
    {file = "sgp4-2.23-cp38-cp38-macosx_10_9_x86_64.whl", hash = "sha256:80eb86ebb66938542eb4b2fb660884538e48e14362e7b50313a6ecc888a93638"},
    {file = "sgp4-2.23-cp38-cp38-macosx_11_0_arm64.whl", hash = "sha256:ff8797c36e7dff0b13c7f6bc4c9bf6ad31590dc4509e6b9cfac26819e7a61769"},
    {file = "sgp4-2.23-cp38-cp38-manylinux_2_17_aarch64.manylinux2014_aarch64.whl", hash = "sha256:a1a67628ca344e1abaf6ff447ccfc1e5ea3d0d829cecf07aa05dea21b0119470"},
    {file = "sgp4-2.23-cp38-cp38-manylinux_2_5_i686.manylinux1_i686.manylinux_2_17_i686.manylinux2014_i686.whl", hash = "sha256:cf18eee8ce8dddee047785b3fb399ff45d1907e4d1e581a7466ac00798993d7e"},
    {file = "sgp4-2.23-cp38-cp38-manylinux_2_5_x86_64.manylinux1_x86_64.manylinux_2_17_x86_64.manylinux2014_x86_64.whl", hash = "sha256:e7688173441f97680f4804e482e6ed47fb3a6341715f280ce38783fef7120c7c"},
    {file = "sgp4-2.23-cp38-cp38-win32.whl", hash = "sha256:5be9be672ad810f01db18f4515fca47e3e4502139642d077d06a187e0c9dc312"},
    {file = "sgp4-2.23-cp38-cp38-win_amd64.whl", hash = "sha256:7277523e83115d5e0c37bdb3d05fec924b6fdf0af0b1679bbb66455b8d00da61"},
    {file = "sgp4-2.23-cp39-cp39-macosx_10_9_universal2.whl", hash = "sha256:474598a642b77b2f2243ccdfb6204c92219f5182a261b8a89c09b9fef840fbd1"},
    {file = "sgp4-2.23-cp39-cp39-macosx_10_9_x86_64.whl", hash = "sha256:3423c1f7efcc72fb7bd92bd549812add1a8712fa7d9c3d475c187817ef844e77"},
    {file = "sgp4-2.23-cp39-cp39-macosx_11_0_arm64.whl", hash = "sha256:54e77baeb145e77884754e4c6cbc92b008d00f12563e5175c3197b484b61a651"},
    {file = "sgp4-2.23-cp39-cp39-manylinux_2_17_aarch64.manylinux2014_aarch64.whl", hash = "sha256:6da74f4d0710445595ad8635bf29a608a6ef51d0ffdb5ae137d09fb7e32ac916"},
    {file = "sgp4-2.23-cp39-cp39-manylinux_2_5_i686.manylinux1_i686.manylinux_2_17_i686.manylinux2014_i686.whl", hash = "sha256:6cd67a3eee025d62fff045807134ea4b1d377e0d88bea43a1e3153239b5d533b"},
    {file = "sgp4-2.23-cp39-cp39-manylinux_2_5_x86_64.manylinux1_x86_64.manylinux_2_17_x86_64.manylinux2014_x86_64.whl", hash = "sha256:e5bb5e59ee41bdeb0beec5c9a156e82e4f5d9c8b7b5e950083f04ef66a8a7b61"},
    {file = "sgp4-2.23-cp39-cp39-win32.whl", hash = "sha256:11962eee12a7422ebee88ef1b569851cd2db41830737f8c4669b2b5204ce2b39"},
    {file = "sgp4-2.23-cp39-cp39-win_amd64.whl", hash = "sha256:4536de17b1a501ca94a9d7ea336de0efc5bb22eb358d88d29a080d1c03d39326"},
    {file = "sgp4-2.23.tar.gz", hash = "sha256:d8addc53a2fb9f88dee6bfd401d2865b014cc0b57bf2cee69bdee8d9685d5429"},
]

[[package]]
name = "shiboken6"
version = "6.8.1"
description = "Python/C++ bindings helper module"
optional = false
python-versions = "<3.14,>=3.9"
groups = ["main"]
files = [
    {file = "shiboken6-6.8.1-cp39-abi3-macosx_12_0_universal2.whl", hash = "sha256:9a2f51d1ddd3b6d193a0f0fdc09f8d41f2092bc664723c9b9efc1056660d0608"},
    {file = "shiboken6-6.8.1-cp39-abi3-manylinux_2_28_x86_64.whl", hash = "sha256:1dc4c1976809b0e68872bb98474cccd590455bdcd015f0e0639907e94af27b6a"},
    {file = "shiboken6-6.8.1-cp39-abi3-manylinux_2_39_aarch64.whl", hash = "sha256:ab5b60602ca6227103138aae89c4f5df3b1b8e249cbc8ec9e6e2a57f20ad9a91"},
    {file = "shiboken6-6.8.1-cp39-abi3-win_amd64.whl", hash = "sha256:3ea127fd72be113b73cacd70e06687ad6f83c1c888047833c7dcdd5cf8e7f586"},
]

[[package]]
name = "skyfield"
version = "1.49"
description = "Elegant astronomy for Python"
optional = false
python-versions = "*"
groups = ["main"]
files = [
    {file = "skyfield-1.49-py3-none-any.whl", hash = "sha256:4986b7d5368f159050106282dec0f97e193c32689605ee4077d7d49465aaf13e"},
    {file = "skyfield-1.49.tar.gz", hash = "sha256:20883027b2bbf4017dd916b64faaeb3713a8f88d7c8e353c15cd030ac63be92c"},
]

[package.dependencies]
certifi = ">=2017.4.17"
jplephem = ">=2.13"
numpy = "*"
sgp4 = ">=2.2"

[[package]]
name = "tomli"
version = "2.2.1"
description = "A lil' TOML parser"
optional = false
python-versions = ">=3.8"
groups = ["dev"]
markers = "python_version < \"3.11\""
files = [
    {file = "tomli-2.2.1-cp311-cp311-macosx_10_9_x86_64.whl", hash = "sha256:678e4fa69e4575eb77d103de3df8a895e1591b48e740211bd1067378c69e8249"},
    {file = "tomli-2.2.1-cp311-cp311-macosx_11_0_arm64.whl", hash = "sha256:023aa114dd824ade0100497eb2318602af309e5a55595f76b626d6d9f3b7b0a6"},
    {file = "tomli-2.2.1-cp311-cp311-manylinux_2_17_aarch64.manylinux2014_aarch64.whl", hash = "sha256:ece47d672db52ac607a3d9599a9d48dcb2f2f735c6c2d1f34130085bb12b112a"},
    {file = "tomli-2.2.1-cp311-cp311-manylinux_2_17_x86_64.manylinux2014_x86_64.whl", hash = "sha256:6972ca9c9cc9f0acaa56a8ca1ff51e7af152a9f87fb64623e31d5c83700080ee"},
    {file = "tomli-2.2.1-cp311-cp311-manylinux_2_5_i686.manylinux1_i686.manylinux_2_17_i686.manylinux2014_i686.whl", hash = "sha256:c954d2250168d28797dd4e3ac5cf812a406cd5a92674ee4c8f123c889786aa8e"},
    {file = "tomli-2.2.1-cp311-cp311-musllinux_1_2_aarch64.whl", hash = "sha256:8dd28b3e155b80f4d54beb40a441d366adcfe740969820caf156c019fb5c7ec4"},
    {file = "tomli-2.2.1-cp311-cp311-musllinux_1_2_i686.whl", hash = "sha256:e59e304978767a54663af13c07b3d1af22ddee3bb2fb0618ca1593e4f593a106"},
    {file = "tomli-2.2.1-cp311-cp311-musllinux_1_2_x86_64.whl", hash = "sha256:33580bccab0338d00994d7f16f4c4ec25b776af3ffaac1ed74e0b3fc95e885a8"},
    {file = "tomli-2.2.1-cp311-cp311-win32.whl", hash = "sha256:465af0e0875402f1d226519c9904f37254b3045fc5084697cefb9bdde1ff99ff"},
    {file = "tomli-2.2.1-cp311-cp311-win_amd64.whl", hash = "sha256:2d0f2fdd22b02c6d81637a3c95f8cd77f995846af7414c5c4b8d0545afa1bc4b"},
    {file = "tomli-2.2.1-cp312-cp312-macosx_10_13_x86_64.whl", hash = "sha256:4a8f6e44de52d5e6c657c9fe83b562f5f4256d8ebbfe4ff922c495620a7f6cea"},
    {file = "tomli-2.2.1-cp312-cp312-macosx_11_0_arm64.whl", hash = "sha256:8d57ca8095a641b8237d5b079147646153d22552f1c637fd3ba7f4b0b29167a8"},
    {file = "tomli-2.2.1-cp312-cp312-manylinux_2_17_aarch64.manylinux2014_aarch64.whl", hash = "sha256:4e340144ad7ae1533cb897d406382b4b6fede8890a03738ff1683af800d54192"},
    {file = "tomli-2.2.1-cp312-cp312-manylinux_2_17_x86_64.manylinux2014_x86_64.whl", hash = "sha256:db2b95f9de79181805df90bedc5a5ab4c165e6ec3fe99f970d0e302f384ad222"},
    {file = "tomli-2.2.1-cp312-cp312-manylinux_2_5_i686.manylinux1_i686.manylinux_2_17_i686.manylinux2014_i686.whl", hash = "sha256:40741994320b232529c802f8bc86da4e1aa9f413db394617b9a256ae0f9a7f77"},
    {file = "tomli-2.2.1-cp312-cp312-musllinux_1_2_aarch64.whl", hash = "sha256:400e720fe168c0f8521520190686ef8ef033fb19fc493da09779e592861b78c6"},
    {file = "tomli-2.2.1-cp312-cp312-musllinux_1_2_i686.whl", hash = "sha256:02abe224de6ae62c19f090f68da4e27b10af2b93213d36cf44e6e1c5abd19fdd"},
    {file = "tomli-2.2.1-cp312-cp312-musllinux_1_2_x86_64.whl", hash = "sha256:b82ebccc8c8a36f2094e969560a1b836758481f3dc360ce9a3277c65f374285e"},
    {file = "tomli-2.2.1-cp312-cp312-win32.whl", hash = "sha256:889f80ef92701b9dbb224e49ec87c645ce5df3fa2cc548664eb8a25e03127a98"},
    {file = "tomli-2.2.1-cp312-cp312-win_amd64.whl", hash = "sha256:7fc04e92e1d624a4a63c76474610238576942d6b8950a2d7f908a340494e67e4"},
    {file = "tomli-2.2.1-cp313-cp313-macosx_10_13_x86_64.whl", hash = "sha256:f4039b9cbc3048b2416cc57ab3bda989a6fcf9b36cf8937f01a6e731b64f80d7"},
    {file = "tomli-2.2.1-cp313-cp313-macosx_11_0_arm64.whl", hash = "sha256:286f0ca2ffeeb5b9bd4fcc8d6c330534323ec51b2f52da063b11c502da16f30c"},
    {file = "tomli-2.2.1-cp313-cp313-manylinux_2_17_aarch64.manylinux2014_aarch64.whl", hash = "sha256:a92ef1a44547e894e2a17d24e7557a5e85a9e1d0048b0b5e7541f76c5032cb13"},
    {file = "tomli-2.2.1-cp313-cp313-manylinux_2_17_x86_64.manylinux2014_x86_64.whl", hash = "sha256:9316dc65bed1684c9a98ee68759ceaed29d229e985297003e494aa825ebb0281"},
    {file = "tomli-2.2.1-cp313-cp313-manylinux_2_5_i686.manylinux1_i686.manylinux_2_17_i686.manylinux2014_i686.whl", hash = "sha256:e85e99945e688e32d5a35c1ff38ed0b3f41f43fad8df0bdf79f72b2ba7bc5272"},
    {file = "tomli-2.2.1-cp313-cp313-musllinux_1_2_aarch64.whl", hash = "sha256:ac065718db92ca818f8d6141b5f66369833d4a80a9d74435a268c52bdfa73140"},
    {file = "tomli-2.2.1-cp313-cp313-musllinux_1_2_i686.whl", hash = "sha256:d920f33822747519673ee656a4b6ac33e382eca9d331c87770faa3eef562aeb2"},
    {file = "tomli-2.2.1-cp313-cp313-musllinux_1_2_x86_64.whl", hash = "sha256:a198f10c4d1b1375d7687bc25294306e551bf1abfa4eace6650070a5c1ae2744"},
    {file = "tomli-2.2.1-cp313-cp313-win32.whl", hash = "sha256:d3f5614314d758649ab2ab3a62d4f2004c825922f9e370b29416484086b264ec"},
    {file = "tomli-2.2.1-cp313-cp313-win_amd64.whl", hash = "sha256:a38aa0308e754b0e3c67e344754dff64999ff9b513e691d0e786265c93583c69"},
    {file = "tomli-2.2.1-py3-none-any.whl", hash = "sha256:cb55c73c5f4408779d0cf3eef9f762b9c9f147a77de7b258bef0a5628adc85cc"},
    {file = "tomli-2.2.1.tar.gz", hash = "sha256:cd45e1dc79c835ce60f7404ec8119f2eb06d38b1deba146f07ced3bbc44505ff"},
]

[[package]]
name = "watchdog"
version = "6.0.0"
description = "Filesystem events monitoring"
optional = false
python-versions = ">=3.9"
groups = ["dev"]
files = [
    {file = "watchdog-6.0.0-cp310-cp310-macosx_10_9_universal2.whl", hash = "sha256:d1cdb490583ebd691c012b3d6dae011000fe42edb7a82ece80965b42abd61f26"},
    {file = "watchdog-6.0.0-cp310-cp310-macosx_10_9_x86_64.whl", hash = "sha256:bc64ab3bdb6a04d69d4023b29422170b74681784ffb9463ed4870cf2f3e66112"},
    {file = "watchdog-6.0.0-cp310-cp310-macosx_11_0_arm64.whl", hash = "sha256:c897ac1b55c5a1461e16dae288d22bb2e412ba9807df8397a635d88f671d36c3"},
    {file = "watchdog-6.0.0-cp311-cp311-macosx_10_9_universal2.whl", hash = "sha256:6eb11feb5a0d452ee41f824e271ca311a09e250441c262ca2fd7ebcf2461a06c"},
    {file = "watchdog-6.0.0-cp311-cp311-macosx_10_9_x86_64.whl", hash = "sha256:ef810fbf7b781a5a593894e4f439773830bdecb885e6880d957d5b9382a960d2"},
    {file = "watchdog-6.0.0-cp311-cp311-macosx_11_0_arm64.whl", hash = "sha256:afd0fe1b2270917c5e23c2a65ce50c2a4abb63daafb0d419fde368e272a76b7c"},
    {file = "watchdog-6.0.0-cp312-cp312-macosx_10_13_universal2.whl", hash = "sha256:bdd4e6f14b8b18c334febb9c4425a878a2ac20efd1e0b231978e7b150f92a948"},
    {file = "watchdog-6.0.0-cp312-cp312-macosx_10_13_x86_64.whl", hash = "sha256:c7c15dda13c4eb00d6fb6fc508b3c0ed88b9d5d374056b239c4ad1611125c860"},
    {file = "watchdog-6.0.0-cp312-cp312-macosx_11_0_arm64.whl", hash = "sha256:6f10cb2d5902447c7d0da897e2c6768bca89174d0c6e1e30abec5421af97a5b0"},
    {file = "watchdog-6.0.0-cp313-cp313-macosx_10_13_universal2.whl", hash = "sha256:490ab2ef84f11129844c23fb14ecf30ef3d8a6abafd3754a6f75ca1e6654136c"},
    {file = "watchdog-6.0.0-cp313-cp313-macosx_10_13_x86_64.whl", hash = "sha256:76aae96b00ae814b181bb25b1b98076d5fc84e8a53cd8885a318b42b6d3a5134"},
    {file = "watchdog-6.0.0-cp313-cp313-macosx_11_0_arm64.whl", hash = "sha256:a175f755fc2279e0b7312c0035d52e27211a5bc39719dd529625b1930917345b"},
    {file = "watchdog-6.0.0-cp39-cp39-macosx_10_9_universal2.whl", hash = "sha256:e6f0e77c9417e7cd62af82529b10563db3423625c5fce018430b249bf977f9e8"},
    {file = "watchdog-6.0.0-cp39-cp39-macosx_10_9_x86_64.whl", hash = "sha256:90c8e78f3b94014f7aaae121e6b909674df5b46ec24d6bebc45c44c56729af2a"},
    {file = "watchdog-6.0.0-cp39-cp39-macosx_11_0_arm64.whl", hash = "sha256:e7631a77ffb1f7d2eefa4445ebbee491c720a5661ddf6df3498ebecae5ed375c"},
    {file = "watchdog-6.0.0-pp310-pypy310_pp73-macosx_10_15_x86_64.whl", hash = "sha256:c7ac31a19f4545dd92fc25d200694098f42c9a8e391bc00bdd362c5736dbf881"},
    {file = "watchdog-6.0.0-pp310-pypy310_pp73-macosx_11_0_arm64.whl", hash = "sha256:9513f27a1a582d9808cf21a07dae516f0fab1cf2d7683a742c498b93eedabb11"},
    {file = "watchdog-6.0.0-pp39-pypy39_pp73-macosx_10_15_x86_64.whl", hash = "sha256:7a0e56874cfbc4b9b05c60c8a1926fedf56324bb08cfbc188969777940aef3aa"},
    {file = "watchdog-6.0.0-pp39-pypy39_pp73-macosx_11_0_arm64.whl", hash = "sha256:e6439e374fc012255b4ec786ae3c4bc838cd7309a540e5fe0952d03687d8804e"},
    {file = "watchdog-6.0.0-py3-none-manylinux2014_aarch64.whl", hash = "sha256:7607498efa04a3542ae3e05e64da8202e58159aa1fa4acddf7678d34a35d4f13"},
    {file = "watchdog-6.0.0-py3-none-manylinux2014_armv7l.whl", hash = "sha256:9041567ee8953024c83343288ccc458fd0a2d811d6a0fd68c4c22609e3490379"},
    {file = "watchdog-6.0.0-py3-none-manylinux2014_i686.whl", hash = "sha256:82dc3e3143c7e38ec49d61af98d6558288c415eac98486a5c581726e0737c00e"},
    {file = "watchdog-6.0.0-py3-none-manylinux2014_ppc64.whl", hash = "sha256:212ac9b8bf1161dc91bd09c048048a95ca3a4c4f5e5d4a7d1b1a7d5752a7f96f"},
    {file = "watchdog-6.0.0-py3-none-manylinux2014_ppc64le.whl", hash = "sha256:e3df4cbb9a450c6d49318f6d14f4bbc80d763fa587ba46ec86f99f9e6876bb26"},
    {file = "watchdog-6.0.0-py3-none-manylinux2014_s390x.whl", hash = "sha256:2cce7cfc2008eb51feb6aab51251fd79b85d9894e98ba847408f662b3395ca3c"},
    {file = "watchdog-6.0.0-py3-none-manylinux2014_x86_64.whl", hash = "sha256:20ffe5b202af80ab4266dcd3e91aae72bf2da48c0d33bdb15c66658e685e94e2"},
    {file = "watchdog-6.0.0-py3-none-win32.whl", hash = "sha256:07df1fdd701c5d4c8e55ef6cf55b8f0120fe1aef7ef39a1c6fc6bc2e606d517a"},
    {file = "watchdog-6.0.0-py3-none-win_amd64.whl", hash = "sha256:cbafb470cf848d93b5d013e2ecb245d4aa1c8fd0504e863ccefa32445359d680"},
    {file = "watchdog-6.0.0-py3-none-win_ia64.whl", hash = "sha256:a1914259fa9e1454315171103c6a30961236f508b9b623eae470268bbcc6a22f"},
    {file = "watchdog-6.0.0.tar.gz", hash = "sha256:9ddf7c82fda3ae8e24decda1338ede66e1c99883db93711d8fb941eaa2d8c282"},
]

[package.extras]
watchmedo = ["PyYAML (>=3.10)"]

[metadata]
lock-version = "2.1"
python-versions = ">=3.10.0,<=3.13.1"
content-hash = "eb0ce2a4a60d7ec8db9069dff763059865f0c1a1e0cb8a7ab79014507397218b"
